
Microsoft Visual Studio Solution File, Format Version 12.00
# Visual Studio Version 17
VisualStudioVersion = 17.7.34018.315
MinimumVisualStudioVersion = 10.0.40219.1
Project("{FAE04EC0-301F-11D3-BF4B-00C04F79EFBC}") = "BaiTapBuoi5", "BaiTapBuoi5\BaiTapBuoi5.csproj", "{17E70FA5-B639-4D6E-9599-20E1DD623245}"
EndProject
Global
	GlobalSection(SolutionConfigurationPlatforms) = preSolution
		Debug|Any CPU = Debug|Any CPU
		Release|Any CPU = Release|Any CPU
	EndGlobalSection
	GlobalSection(ProjectConfigurationPlatforms) = postSolution
		{17E70FA5-B639-4D6E-9599-20E1DD623245}.Debug|Any CPU.ActiveCfg = Debug|Any CPU
		{17E70FA5-B639-4D6E-9599-20E1DD623245}.Debug|Any CPU.Build.0 = Debug|Any CPU
		{17E70FA5-B639-4D6E-9599-20E1DD623245}.Release|Any CPU.ActiveCfg = Release|Any CPU
		{17E70FA5-B639-4D6E-9599-20E1DD623245}.Release|Any CPU.Build.0 = Release|Any CPU
	EndGlobalSection
	GlobalSection(SolutionProperties) = preSolution
		HideSolutionNode = FALSE
	EndGlobalSection
	GlobalSection(ExtensibilityGlobals) = postSolution
		SolutionGuid = {FB765899-63E4-4176-B399-7273AADD8B81}
	EndGlobalSection
EndGlobal
